lockfileVersion: '9.0'

settings:
  autoInstallPeers: true
  excludeLinksFromLockfile: false

importers:

  .:
    dependencies:
      '@vercel/kv':
        specifier: ^3.0.0
        version: 3.0.0
      groq-sdk:
        specifier: 0.7.0
        version: 0.7.0
      lucide-react:
        specifier: ^0.561.0
        version: 0.561.0(react@18.2.0)
      next:
        specifier: 14.2.5
        version: 14.2.5(react-dom@18.2.0(react@18.2.0))(react@18.2.0)
      openai:
        specifier: ^6.10.0
        version: 6.14.0
      pdf-parse:
        specifier: ^1.1.1
        version: 1.1.4
      react:
        specifier: 18.2.0
        version: 18.2.0
      react-dom:
        specifier: 18.2.0
        version: 18.2.0(react@18.2.0)
      react-markdown:
        specifier: ^10.1.0
        version: 10.1.0(@types/react@19.2.7)(react@18.2.0)
      zustand:
        specifier: 4.4.1
        version: 4.4.1(@types/react@19.2.7)(react@18.2.0)
    devDependencies:
      '@types/react':
        specifier: ^19.2.7
        version: 19.2.7
      '@types/react-dom':
        specifier: ^19.2.3
        version: 19.2.3(@types/react@19.2.7)
      typescript:
        specifier: 5.4.5
        version: 5.4.5

packages:

  '@next/env@14.2.5':
    resolution: {integrity: sha512-/zZGkrTOsraVfYjGP8uM0p6r0BDT6xWpkjdVbcz66PJVSpwXX3yNiRycxAuDfBKGWBrZBXRuK/YVlkNgxHGwmA==}

  '@next/swc-darwin-arm64@14.2.5':
    resolution: {integrity: sha512-/9zVxJ+K9lrzSGli1///ujyRfon/ZneeZ+v4ptpiPoOU+GKZnm8Wj8ELWU1Pm7GHltYRBklmXMTUqM/DqQ99FQ==}
    engines: {node: '>= 10'}
    cpu: [arm64]
    os: [darwin]

  '@next/swc-darwin-x64@14.2.5':
    resolution: {integrity: sha512-vXHOPCwfDe9qLDuq7U1OYM2wUY+KQ4Ex6ozwsKxp26BlJ6XXbHleOUldenM67JRyBfVjv371oneEvYd3H2gNSA==}
    engines: {node: '>= 10'}
    cpu: [x64]
    os: [darwin]

  '@next/swc-linux-arm64-gnu@14.2.5':
    resolution: {integrity: sha512-vlhB8wI+lj8q1ExFW8lbWutA4M2ZazQNvMWuEDqZcuJJc78iUnLdPPunBPX8rC4IgT6lIx/adB+Cwrl99MzNaA==}
    engines: {node: '>= 10'}
    cpu: [arm64]
    os: [linux]

  '@next/swc-linux-arm64-musl@14.2.5':
    resolution: {integrity: sha512-NpDB9NUR2t0hXzJJwQSGu1IAOYybsfeB+LxpGsXrRIb7QOrYmidJz3shzY8cM6+rO4Aojuef0N/PEaX18pi9OA==}
    engines: {node: '>= 10'}
    cpu: [arm64]
    os: [linux]

  '@next/swc-linux-x64-gnu@14.2.5':
    resolution: {integrity: sha512-8XFikMSxWleYNryWIjiCX+gU201YS+erTUidKdyOVYi5qUQo/gRxv/3N1oZFCgqpesN6FPeqGM72Zve+nReVXQ==}
    engines: {node: '>= 10'}
    cpu: [x64]
    os: [linux]

  '@next/swc-linux-x64-musl@14.2.5':
    resolution: {integrity: sha512-6QLwi7RaYiQDcRDSU/os40r5o06b5ue7Jsk5JgdRBGGp8l37RZEh9JsLSM8QF0YDsgcosSeHjglgqi25+m04IQ==}
    engines: {node: '>= 10'}
    cpu: [x64]
    os: [linux]

  '@next/swc-win32-arm64-msvc@14.2.5':
    resolution: {integrity: sha512-1GpG2VhbspO+aYoMOQPQiqc/tG3LzmsdBH0LhnDS3JrtDx2QmzXe0B6mSZZiN3Bq7IOMXxv1nlsjzoS1+9mzZw==}
    engines: {node: '>= 10'}
    cpu: [arm64]
    os: [win32]

  '@next/swc-win32-ia32-msvc@14.2.5':
    resolution: {integrity: sha512-Igh9ZlxwvCDsu6438FXlQTHlRno4gFpJzqPjSIBZooD22tKeI4fE/YMRoHVJHmrQ2P5YL1DoZ0qaOKkbeFWeMg==}
    engines: {node: '>= 10'}
    cpu: [ia32]
    os: [win32]

  '@next/swc-win32-x64-msvc@14.2.5':
    resolution: {integrity: sha512-tEQ7oinq1/CjSG9uSTerca3v4AZ+dFa+4Yu6ihaG8Ud8ddqLQgFGcnwYls13H5X5CPDPZJdYxyeMui6muOLd4g==}
    engines: {node: '>= 10'}
    cpu: [x64]
    os: [win32]

  '@swc/counter@0.1.3':
    resolution: {integrity: sha512-e2BR4lsJkkRlKZ/qCHPw9ZaSxc0MVUd7gtbtaB7aMvHeJVYe8sOB8DBZkP2DtISHGSku9sCK6T6cnY0CtXrOCQ==}

  '@swc/helpers@0.5.5':
    resolution: {integrity: sha512-KGYxvIOXcceOAbEk4bi/dVLEK9z8sZ0uBB3Il5b1rhfClSpcX0yfRO0KmTkqR2cnQDymwLB+25ZyMzICg/cm/A==}

  '@types/debug@4.1.12':
    resolution: {integrity: sha512-vIChWdVG3LG1SMxEvI/AK+FWJthlrqlTu7fbrlywTkkaONwk/UAGaULXRlf8vkzFBLVm0zkMdCquhL5aOjhXPQ==}

  '@types/estree-jsx@1.0.5':
    resolution: {integrity: sha512-52CcUVNFyfb1A2ALocQw/Dd1BQFNmSdkuC3BkZ6iqhdMfQz7JWOFRuJFloOzjk+6WijU56m9oKXFAXc7o3Towg==}

  '@types/estree@1.0.8':
    resolution: {integrity: sha512-dWHzHa2WqEXI/O1E9OjrocMTKJl2mSrEolh1Iomrv6U+JuNwaHXsXx9bLu5gG7BUWFIN0skIQJQ/L1rIex4X6w==}

  '@types/hast@3.0.4':
    resolution: {integrity: sha512-WPs+bbQw5aCj+x6laNGWLH3wviHtoCv/P3+otBhbOhJgG8qtpdAMlTCxLtsTWA7LH1Oh/bFCHsBn0TPS5m30EQ==}

  '@types/mdast@4.0.4':
    resolution: {integrity: sha512-kGaNbPh1k7AFzgpud/gMdvIm5xuECykRR+JnWKQno9TAXVa6WIVCGTPvYGekIDL4uwCZQSYbUxNBSb1aUo79oA==}

  '@types/ms@2.1.0':
    resolution: {integrity: sha512-GsCCIZDE/p3i96vtEqx+7dBUGXrc7zeSK3wwPHIaRThS+9OhWIXRqzs4d6k1SVU8g91DrNRWxWUGhp5KXQb2VA==}

  '@types/node-fetch@2.6.13':
    resolution: {integrity: sha512-QGpRVpzSaUs30JBSGPjOg4Uveu384erbHBoT1zeONvyCfwQxIkUshLAOqN/k9EjGviPRmWTTe6aH2qySWKTVSw==}

  '@types/node@18.19.130':
    resolution: {integrity: sha512-GRaXQx6jGfL8sKfaIDD6OupbIHBr9jv7Jnaml9tB7l4v068PAOXqfcujMMo5PhbIs6ggR1XODELqahT2R8v0fg==}

  '@types/react-dom@19.2.3':
    resolution: {integrity: sha512-jp2L/eY6fn+KgVVQAOqYItbF0VY/YApe5Mz2F0aykSO8gx31bYCZyvSeYxCHKvzHG5eZjc+zyaS5BrBWya2+kQ==}
    peerDependencies:
      '@types/react': ^19.2.0

  '@types/react@19.2.7':
    resolution: {integrity: sha512-MWtvHrGZLFttgeEj28VXHxpmwYbor/ATPYbBfSFZEIRK0ecCFLl2Qo55z52Hss+UV9CRN7trSeq1zbgx7YDWWg==}

  '@types/unist@2.0.11':
    resolution: {integrity: sha512-CmBKiL6NNo/OqgmMn95Fk9Whlp2mtvIv+KNpQKN2F4SjvrEesubTRWGYSg+BnWZOnlCaSTU1sMpsBOzgbYhnsA==}

  '@types/unist@3.0.3':
    resolution: {integrity: sha512-ko/gIFJRv177XgZsZcBwnqJN5x/Gien8qNOn0D5bQU/zAzVf9Zt3BlcUiLqhV9y4ARk0GbT3tnUiPNgnTXzc/Q==}

  '@ungap/structured-clone@1.3.0':
    resolution: {integrity: sha512-WmoN8qaIAo7WTYWbAZuG8PYEhn5fkz7dZrqTBZ7dtt//lL2Gwms1IcnQ5yHqjDfX8Ft5j4YzDM23f87zBfDe9g==}

  '@upstash/redis@1.35.8':
    resolution: {integrity: sha512-QqLpVCD9PCPE6hlRzOkz864nfijSdazxtyJLIy9ZeTh6kU2nBIKKfjT5HMHjIRD4BCm6TK1dbUT9pxhFjcvpng==}

  '@vercel/kv@3.0.0':
    resolution: {integrity: sha512-pKT8fRnfyYk2MgvyB6fn6ipJPCdfZwiKDdw7vB+HL50rjboEBHDVBEcnwfkEpVSp2AjNtoaOUH7zG+bVC/rvSg==}
    engines: {node: '>=14.6'}

  abort-controller@3.0.0:
    resolution: {integrity: sha512-h8lQ8tacZYnR3vNQTgibj+tODHI5/+l06Au2Pcriv/Gmet0eaj4TwWH41sO9wnHDiQsEj19q0drzdWdeAHtweg==}
    engines: {node: '>=6.5'}

  agentkeepalive@4.6.0:
    resolution: {integrity: sha512-kja8j7PjmncONqaTsB8fQ+wE2mSU2DJ9D4XKoJ5PFWIdRMa6SLSN1ff4mOr4jCbfRSsxR4keIiySJU0N9T5hIQ==}
    engines: {node: '>= 8.0.0'}

  asynckit@0.4.0:
    resolution: {integrity: sha512-Oei9OH4tRh0YqU3GxhX79dM/mwVgvbZJaSNaRk+bshkj0S5cfHcgYakreBjrHwatXKbz+IoIdYLxrKim2MjW0Q==}

  bail@2.0.2:
    resolution: {integrity: sha512-0xO6mYd7JB2YesxDKplafRpsiOzPt9V02ddPCLbY1xYGPOX24NTyN50qnUxgCPcSoYMhKpAuBTjQoRZCAkUDRw==}

  busboy@1.6.0:
    resolution: {integrity: sha512-8SFQbg/0hQ9xy3UNTB0YEnsNBbWfhf7RtnzpL7TkBiTBRfrQ9Fxcnz7VJsleJpyp6rVLvXiuORqjlHi5q+PYuA==}
    engines: {node: '>=10.16.0'}

  call-bind-apply-helpers@1.0.2:
    resolution: {integrity: sha512-Sp1ablJ0ivDkSzjcaJdxEunN5/XvksFJ2sMBFfq6x0ryhQV/2b/KwFe21cMpmHtPOSij8K99/wSfoEuTObmuMQ==}
    engines: {node: '>= 0.4'}

  caniuse-lite@1.0.30001760:
    resolution: {integrity: sha512-7AAMPcueWELt1p3mi13HR/LHH0TJLT11cnwDJEs3xA4+CK/PLKeO9Kl1oru24htkyUKtkGCvAx4ohB0Ttry8Dw==}

  ccount@2.0.1:
    resolution: {integrity: sha512-eyrF0jiFpY+3drT6383f1qhkbGsLSifNAjA61IUjZjmLCWjItY6LB9ft9YhoDgwfmclB2zhu51Lc7+95b8NRAg==}

  character-entities-html4@2.1.0:
    resolution: {integrity: sha512-1v7fgQRj6hnSwFpq1Eu0ynr/CDEw0rXo2B61qXrLNdHZmPKgb7fqS1a2JwF0rISo9q77jDI8VMEHoApn8qDoZA==}

  character-entities-legacy@3.0.0:
    resolution: {integrity: sha512-RpPp0asT/6ufRm//AJVwpViZbGM/MkjQFxJccQRHmISF/22NBtsHqAWmL+/pmkPWoIUJdWyeVleTl1wydHATVQ==}

  character-entities@2.0.2:
    resolution: {integrity: sha512-shx7oQ0Awen/BRIdkjkvz54PnEEI/EjwXDSIZp86/KKdbafHh1Df/RYGBhn4hbe2+uKC9FnT5UCEdyPz3ai9hQ==}

  character-reference-invalid@2.0.1:
    resolution: {integrity: sha512-iBZ4F4wRbyORVsu0jPV7gXkOsGYjGHPmAyv+HiHG8gi5PtC9KI2j1+v8/tlibRvjoWX027ypmG/n0HtO5t7unw==}

  client-only@0.0.1:
    resolution: {integrity: sha512-IV3Ou0jSMzZrd3pZ48nLkT9DA7Ag1pnPzaiQhpW7c3RbcqqzvzzVu+L8gfqMp/8IM2MQtSiqaCxrrcfu8I8rMA==}

  combined-stream@1.0.8:
    resolution: {integrity: sha512-FQN4MRfuJeHf7cBbBMJFXhKSDq+2kAArBlmRBvcvFE5BB1HZKXtSFASDhdlz9zOYwxh8lDdnvmMOe/+5cdoEdg==}
    engines: {node: '>= 0.8'}

  comma-separated-tokens@2.0.3:
    resolution: {integrity: sha512-Fu4hJdvzeylCfQPp9SGWidpzrMs7tTrlu6Vb8XGaRGck8QSNZJJp538Wrb60Lax4fPwR64ViY468OIUTbRlGZg==}

  csstype@3.2.3:
    resolution: {integrity: sha512-z1HGKcYy2xA8AGQfwrn0PAy+PB7X/GSj3UVJW9qKyn43xWa+gl5nXmU4qqLMRzWVLFC8KusUX8T/0kCiOYpAIQ==}

  debug@4.4.3:
    resolution: {integrity: sha512-RGwwWnwQvkVfavKVt22FGLw+xYSdzARwm0ru6DhTVA3umU5hZc28V3kO4stgYryrTlLpuvgI9GiijltAjNbcqA==}
    engines: {node: '>=6.0'}
    peerDependencies:
      supports-color: '*'
    peerDependenciesMeta:
      supports-color:
        optional: true

  decode-named-character-reference@1.2.0:
    resolution: {integrity: sha512-c6fcElNV6ShtZXmsgNgFFV5tVX2PaV4g+MOAkb8eXHvn6sryJBrZa9r0zV6+dtTyoCKxtDy5tyQ5ZwQuidtd+Q==}

  delayed-stream@1.0.0:
    resolution: {integrity: sha512-ZySD7Nf91aLB0RxL4KGrKHBXl7Eds1DAmEdcoVawXnLD7SDhpNgtuII2aAkg7a7QS41jxPSZ17p4VdGnMHk3MQ==}
    engines: {node: '>=0.4.0'}

  dequal@2.0.3:
    resolution: {integrity: sha512-0je+qPKHEMohvfRTCEo3CrPG6cAzAYgmzKyxRiYSSDkS6eGJdyVJm7WaYA5ECaAD9wLB2T4EEeymA5aFVcYXCA==}
    engines: {node: '>=6'}

  devlop@1.1.0:
    resolution: {integrity: sha512-RWmIqhcFf1lRYBvNmr7qTNuyCt/7/ns2jbpp1+PalgE/rDQcBT0fioSMUpJ93irlUhC5hrg4cYqe6U+0ImW0rA==}

  dunder-proto@1.0.1:
    resolution: {integrity: sha512-KIN/nDJBQRcXw0MLVhZE9iQHmG68qAVIBg9CqmUYjmQIhgij9U5MFvrqkUL5FbtyyzZuOeOt0zdeRe4UY7ct+A==}
    engines: {node: '>= 0.4'}

  es-define-property@1.0.1:
    resolution: {integrity: sha512-e3nRfgfUZ4rNGL232gUgX06QNyyez04KdjFrF+LTRoOXmrOgFKDg4BCdsjW8EnT69eqdYGmRpJwiPVYNrCaW3g==}
    engines: {node: '>= 0.4'}

  es-errors@1.3.0:
    resolution: {integrity: sha512-Zf5H2Kxt2xjTvbJvP2ZWLEICxA6j+hAmMzIlypy4xcBg1vKVnx89Wy0GbS+kf5cwCVFFzdCFh2XSCFNULS6csw==}
    engines: {node: '>= 0.4'}

  es-object-atoms@1.1.1:
    resolution: {integrity: sha512-FGgH2h8zKNim9ljj7dankFPcICIK9Cp5bm+c2gQSYePhpaG5+esrLODihIorn+Pe6FGJzWhXQotPv73jTaldXA==}
    engines: {node: '>= 0.4'}

  es-set-tostringtag@2.1.0:
    resolution: {integrity: sha512-j6vWzfrGVfyXxge+O0x5sh6cvxAog0a/4Rdd2K36zCMV5eJ+/+tOAngRO8cODMNWbVRdVlmGZQL2YS3yR8bIUA==}
    engines: {node: '>= 0.4'}

  estree-util-is-identifier-name@3.0.0:
    resolution: {integrity: sha512-hFtqIDZTIUZ9BXLb8y4pYGyk6+wekIivNVTcmvk8NoOh+VeRn5y6cEHzbURrWbfp1fIqdVipilzj+lfaadNZmg==}

  event-target-shim@5.0.1:
    resolution: {integrity: sha512-i/2XbnSz/uxRCU6+NdVJgKWDTM427+MqYbkQzD321DuCQJUqOuJKIA0IM2+W2xtYHdKOmZ4dR6fExsd4SXL+WQ==}
    engines: {node: '>=6'}

  extend@3.0.2:
    resolution: {integrity: sha512-fjquC59cD7CyW6urNXK0FBufkZcoiGG80wTuPujX590cB5Ttln20E2UB4S/WARVqhXffZl2LNgS+gQdPIIim/g==}

  form-data-encoder@1.7.2:
    resolution: {integrity: sha512-qfqtYan3rxrnCk1VYaA4H+Ms9xdpPqvLZa6xmMgFvhO32x7/3J/ExcTd6qpxM0vH2GdMI+poehyBZvqfMTto8A==}

  form-data@4.0.5:
    resolution: {integrity: sha512-8RipRLol37bNs2bhoV67fiTEvdTrbMUYcFTiy3+wuuOnUog2QBHCZWXDRijWQfAkhBj2Uf5UnVaiWwA5vdd82w==}
    engines: {node: '>= 6'}

  formdata-node@4.4.1:
    resolution: {integrity: sha512-0iirZp3uVDjVGt9p49aTaqjk84TrglENEDuqfdlZQ1roC9CWlPk6Avf8EEnZNcAqPonwkG35x4n3ww/1THYAeQ==}
    engines: {node: '>= 12.20'}

  function-bind@1.1.2:
    resolution: {integrity: sha512-7XHNxH7qX9xG5mIwxkhumTox/MIRNcOgDrxWsMt2pAr23WHp6MrRlN7FBSFpCpr+oVO0F744iUgR82nJMfG2SA==}

  get-intrinsic@1.3.0:
    resolution: {integrity: sha512-9fSjSaos/fRIVIp+xSJlE6lfwhES7LNtKaCBIamHsjr2na1BiABJPo0mOjjz8GJDURarmCPGqaiVg5mfjb98CQ==}
    engines: {node: '>= 0.4'}

  get-proto@1.0.1:
    resolution: {integrity: sha512-sTSfBjoXBp89JvIKIefqw7U2CCebsc74kiY6awiGogKtoSGbgjYE/G/+l9sF3MWFPNc9IcoOC4ODfKHfxFmp0g==}
    engines: {node: '>= 0.4'}

  gopd@1.2.0:
    resolution: {integrity: sha512-ZUKRh6/kUFoAiTAtTYPZJ3hw9wNxx+BIBOijnlG9PnrJsCcSjs1wyyD6vJpaYtgnzDrKYRSqf3OO6Rfa93xsRg==}
    engines: {node: '>= 0.4'}

  graceful-fs@4.2.11:
    resolution: {integrity: sha512-RbJ5/jmFcNNCcDV5o9eTnBLJ/HszWV0P73bc+Ff4nS/rJj+YaS6IGyiOL0VoBYX+l1Wrl3k63h/KrH+nhJ0XvQ==}

  groq-sdk@0.7.0:
    resolution: {integrity: sha512-OgPqrRtti5MjEVclR8sgBHrhSkTLdFCmi47yrEF29uJZaiCkX3s7bXpnMhq8Lwoe1f4AwgC0qGOeHXpeSgu5lg==}

  has-symbols@1.1.0:
    resolution: {integrity: sha512-1cDNdwJ2Jaohmb3sg4OmKaMBwuC48sYni5HUw2DvsC8LjGTLK9h+eb1X6RyuOHe4hT0ULCW68iomhjUoKUqlPQ==}
    engines: {node: '>= 0.4'}

  has-tostringtag@1.0.2:
    resolution: {integrity: sha512-NqADB8VjPFLM2V0VvHUewwwsw0ZWBaIdgo+ieHtK3hasLz4qeCRjYcqfB6AQrBggRKppKF8L52/VqdVsO47Dlw==}
    engines: {node: '>= 0.4'}

  hasown@2.0.2:
    resolution: {integrity: sha512-0hJU9SCPvmMzIBdZFqNPXWa6dqh7WdH0cII9y+CyS8rG3nL48Bclra9HmKhVVUHyPWNH5Y7xDwAB7bfgSjkUMQ==}
    engines: {node: '>= 0.4'}

  hast-util-to-jsx-runtime@2.3.6:
    resolution: {integrity: sha512-zl6s8LwNyo1P9uw+XJGvZtdFF1GdAkOg8ujOw+4Pyb76874fLps4ueHXDhXWdk6YHQ6OgUtinliG7RsYvCbbBg==}

  hast-util-whitespace@3.0.0:
    resolution: {integrity: sha512-88JUN06ipLwsnv+dVn+OIYOvAuvBMy/Qoi6O7mQHxdPXpjy+Cd6xRkWwux7DKO+4sYILtLBRIKgsdpS2gQc7qw==}

  html-url-attributes@3.0.1:
    resolution: {integrity: sha512-ol6UPyBWqsrO6EJySPz2O7ZSr856WDrEzM5zMqp+FJJLGMW35cLYmmZnl0vztAZxRUoNZJFTCohfjuIJ8I4QBQ==}

  humanize-ms@1.2.1:
    resolution: {integrity: sha512-Fl70vYtsAFb/C06PTS9dZBo7ihau+Tu/DNCk/OyHhea07S+aeMWpFFkUaXRa8fI+ScZbEI8dfSxwY7gxZ9SAVQ==}

  inline-style-parser@0.2.7:
    resolution: {integrity: sha512-Nb2ctOyNR8DqQoR0OwRG95uNWIC0C1lCgf5Naz5H6Ji72KZ8OcFZLz2P5sNgwlyoJ8Yif11oMuYs5pBQa86csA==}

  is-alphabetical@2.0.1:
    resolution: {integrity: sha512-FWyyY60MeTNyeSRpkM2Iry0G9hpr7/9kD40mD/cGQEuilcZYS4okz8SN2Q6rLCJ8gbCt6fN+rC+6tMGS99LaxQ==}

  is-alphanumerical@2.0.1:
    resolution: {integrity: sha512-hmbYhX/9MUMF5uh7tOXyK/n0ZvWpad5caBA17GsC6vyuCqaWliRG5K1qS9inmUhEMaOBIW7/whAnSwveW/LtZw==}

  is-decimal@2.0.1:
    resolution: {integrity: sha512-AAB9hiomQs5DXWcRB1rqsxGUstbRroFOPPVAomNk/3XHR5JyEZChOyTWe2oayKnsSsr/kcGqF+z6yuH6HHpN0A==}

  is-hexadecimal@2.0.1:
    resolution: {integrity: sha512-DgZQp241c8oO6cA1SbTEWiXeoxV42vlcJxgH+B3hi1AiqqKruZR3ZGF8In3fj4+/y/7rHvlOZLZtgJ/4ttYGZg==}

  is-plain-obj@4.1.0:
    resolution: {integrity: sha512-+Pgi+vMuUNkJyExiMBt5IlFoMyKnr5zhJ4Uspz58WOhBF5QoIZkFyNHIbBAtHwzVAgk5RtndVNsDRN61/mmDqg==}
    engines: {node: '>=12'}

  js-tokens@4.0.0:
    resolution: {integrity: sha512-RdJUflcE3cUzKiMqQgsCu06FPu9UdIJO0beYbPhHN4k6apgJtifcoCtT9bcxOpYBtpD2kCM6Sbzg4CausW/PKQ==}

  longest-streak@3.1.0:
    resolution: {integrity: sha512-9Ri+o0JYgehTaVBBDoMqIl8GXtbWg711O3srftcHhZ0dqnETqLaoIK0x17fUw9rFSlK/0NlsKe0Ahhyl5pXE2g==}

  loose-envify@1.4.0:
    resolution: {integrity: sha512-lyuxPGr/Wfhrlem2CL/UcnUc1zcqKAImBDzukY7Y5F/yQiNdko6+fRLevlw1HgMySw7f611UIY408EtxRSoK3Q==}
    hasBin: true

  lucide-react@0.561.0:
    resolution: {integrity: sha512-Y59gMY38tl4/i0qewcqohPdEbieBy7SovpBL9IFebhc2mDd8x4PZSOsiFRkpPcOq6bj1r/mjH/Rk73gSlIJP2A==}
    peerDependencies:
      react: ^16.5.1 || ^17.0.0 || ^18.0.0 || ^19.0.0

  math-intrinsics@1.1.0:
    resolution: {integrity: sha512-/IXtbwEk5HTPyEwyKX6hGkYXxM9nbj64B+ilVJnC/R6B0pH5G4V3b0pVbL7DBj4tkhBAppbQUlf6F6Xl9LHu1g==}
    engines: {node: '>= 0.4'}

  mdast-util-from-markdown@2.0.2:
    resolution: {integrity: sha512-uZhTV/8NBuw0WHkPTrCqDOl0zVe1BIng5ZtHoDk49ME1qqcjYmmLmOf0gELgcRMxN4w2iuIeVso5/6QymSrgmA==}

  mdast-util-mdx-expression@2.0.1:
    resolution: {integrity: sha512-J6f+9hUp+ldTZqKRSg7Vw5V6MqjATc+3E4gf3CFNcuZNWD8XdyI6zQ8GqH7f8169MM6P7hMBRDVGnn7oHB9kXQ==}

  mdast-util-mdx-jsx@3.2.0:
    resolution: {integrity: sha512-lj/z8v0r6ZtsN/cGNNtemmmfoLAFZnjMbNyLzBafjzikOM+glrjNHPlf6lQDOTccj9n5b0PPihEBbhneMyGs1Q==}

  mdast-util-mdxjs-esm@2.0.1:
    resolution: {integrity: sha512-EcmOpxsZ96CvlP03NghtH1EsLtr0n9Tm4lPUJUBccV9RwUOneqSycg19n5HGzCf+10LozMRSObtVr3ee1WoHtg==}

  mdast-util-phrasing@4.1.0:
    resolution: {integrity: sha512-TqICwyvJJpBwvGAMZjj4J2n0X8QWp21b9l0o7eXyVJ25YNWYbJDVIyD1bZXE6WtV6RmKJVYmQAKWa0zWOABz2w==}

  mdast-util-to-hast@13.2.1:
    resolution: {integrity: sha512-cctsq2wp5vTsLIcaymblUriiTcZd0CwWtCbLvrOzYCDZoWyMNV8sZ7krj09FSnsiJi3WVsHLM4k6Dq/yaPyCXA==}

  mdast-util-to-markdown@2.1.2:
    resolution: {integrity: sha512-xj68wMTvGXVOKonmog6LwyJKrYXZPvlwabaryTjLh9LuvovB/KAH+kvi8Gjj+7rJjsFi23nkUxRQv1KqSroMqA==}

  mdast-util-to-string@4.0.0:
    resolution: {integrity: sha512-0H44vDimn51F0YwvxSJSm0eCDOJTRlmN0R1yBh4HLj9wiV1Dn0QoXGbvFAWj2hSItVTlCmBF1hqKlIyUBVFLPg==}

  micromark-core-commonmark@2.0.3:
    resolution: {integrity: sha512-RDBrHEMSxVFLg6xvnXmb1Ayr2WzLAWjeSATAoxwKYJV94TeNavgoIdA0a9ytzDSVzBy2YKFK+emCPOEibLeCrg==}

  micromark-factory-destination@2.0.1:
    resolution: {integrity: sha512-Xe6rDdJlkmbFRExpTOmRj9N3MaWmbAgdpSrBQvCFqhezUn4AHqJHbaEnfbVYYiexVSs//tqOdY/DxhjdCiJnIA==}

  micromark-factory-label@2.0.1:
    resolution: {integrity: sha512-VFMekyQExqIW7xIChcXn4ok29YE3rnuyveW3wZQWWqF4Nv9Wk5rgJ99KzPvHjkmPXF93FXIbBp6YdW3t71/7Vg==}

  micromark-factory-space@2.0.1:
    resolution: {integrity: sha512-zRkxjtBxxLd2Sc0d+fbnEunsTj46SWXgXciZmHq0kDYGnck/ZSGj9/wULTV95uoeYiK5hRXP2mJ98Uo4cq/LQg==}

  micromark-factory-title@2.0.1:
    resolution: {integrity: sha512-5bZ+3CjhAd9eChYTHsjy6TGxpOFSKgKKJPJxr293jTbfry2KDoWkhBb6TcPVB4NmzaPhMs1Frm9AZH7OD4Cjzw==}

  micromark-factory-whitespace@2.0.1:
    resolution: {integrity: sha512-Ob0nuZ3PKt/n0hORHyvoD9uZhr+Za8sFoP+OnMcnWK5lngSzALgQYKMr9RJVOWLqQYuyn6ulqGWSXdwf6F80lQ==}

  micromark-util-character@2.1.1:
    resolution: {integrity: sha512-wv8tdUTJ3thSFFFJKtpYKOYiGP2+v96Hvk4Tu8KpCAsTMs6yi+nVmGh1syvSCsaxz45J6Jbw+9DD6g97+NV67Q==}

  micromark-util-chunked@2.0.1:
    resolution: {integrity: sha512-QUNFEOPELfmvv+4xiNg2sRYeS/P84pTW0TCgP5zc9FpXetHY0ab7SxKyAQCNCc1eK0459uoLI1y5oO5Vc1dbhA==}

  micromark-util-classify-character@2.0.1:
    resolution: {integrity: sha512-K0kHzM6afW/MbeWYWLjoHQv1sgg2Q9EccHEDzSkxiP/EaagNzCm7T/WMKZ3rjMbvIpvBiZgwR3dKMygtA4mG1Q==}

  micromark-util-combine-extensions@2.0.1:
    resolution: {integrity: sha512-OnAnH8Ujmy59JcyZw8JSbK9cGpdVY44NKgSM7E9Eh7DiLS2E9RNQf0dONaGDzEG9yjEl5hcqeIsj4hfRkLH/Bg==}

  micromark-util-decode-numeric-character-reference@2.0.2:
    resolution: {integrity: sha512-ccUbYk6CwVdkmCQMyr64dXz42EfHGkPQlBj5p7YVGzq8I7CtjXZJrubAYezf7Rp+bjPseiROqe7G6foFd+lEuw==}

  micromark-util-decode-string@2.0.1:
    resolution: {integrity: sha512-nDV/77Fj6eH1ynwscYTOsbK7rR//Uj0bZXBwJZRfaLEJ1iGBR6kIfNmlNqaqJf649EP0F3NWNdeJi03elllNUQ==}

  micromark-util-encode@2.0.1:
    resolution: {integrity: sha512-c3cVx2y4KqUnwopcO9b/SCdo2O67LwJJ/UyqGfbigahfegL9myoEFoDYZgkT7f36T0bLrM9hZTAaAyH+PCAXjw==}

  micromark-util-html-tag-name@2.0.1:
    resolution: {integrity: sha512-2cNEiYDhCWKI+Gs9T0Tiysk136SnR13hhO8yW6BGNyhOC4qYFnwF1nKfD3HFAIXA5c45RrIG1ub11GiXeYd1xA==}

  micromark-util-normalize-identifier@2.0.1:
    resolution: {integrity: sha512-sxPqmo70LyARJs0w2UclACPUUEqltCkJ6PhKdMIDuJ3gSf/Q+/GIe3WKl0Ijb/GyH9lOpUkRAO2wp0GVkLvS9Q==}

  micromark-util-resolve-all@2.0.1:
    resolution: {integrity: sha512-VdQyxFWFT2/FGJgwQnJYbe1jjQoNTS4RjglmSjTUlpUMa95Htx9NHeYW4rGDJzbjvCsl9eLjMQwGeElsqmzcHg==}

  micromark-util-sanitize-uri@2.0.1:
    resolution: {integrity: sha512-9N9IomZ/YuGGZZmQec1MbgxtlgougxTodVwDzzEouPKo3qFWvymFHWcnDi2vzV1ff6kas9ucW+o3yzJK9YB1AQ==}

  micromark-util-subtokenize@2.1.0:
    resolution: {integrity: sha512-XQLu552iSctvnEcgXw6+Sx75GflAPNED1qx7eBJ+wydBb2KCbRZe+NwvIEEMM83uml1+2WSXpBAcp9IUCgCYWA==}

  micromark-util-symbol@2.0.1:
    resolution: {integrity: sha512-vs5t8Apaud9N28kgCrRUdEed4UJ+wWNvicHLPxCa9ENlYuAY31M0ETy5y1vA33YoNPDFTghEbnh6efaE8h4x0Q==}

  micromark-util-types@2.0.2:
    resolution: {integrity: sha512-Yw0ECSpJoViF1qTU4DC6NwtC4aWGt1EkzaQB8KPPyCRR8z9TWeV0HbEFGTO+ZY1wB22zmxnJqhPyTpOVCpeHTA==}

  micromark@4.0.2:
    resolution: {integrity: sha512-zpe98Q6kvavpCr1NPVSCMebCKfD7CA2NqZ+rykeNhONIJBpc1tFKt9hucLGwha3jNTNI8lHpctWJWoimVF4PfA==}

  mime-db@1.52.0:
    resolution: {integrity: sha512-sPU4uV7dYlvtWJxwwxHD0PuihVNiE7TyAbQ5SWxDCB9mUYvOgroQOwYQQOKPJ8CIbE+1ETVlOoK1UC2nU3gYvg==}
    engines: {node: '>= 0.6'}

  mime-types@2.1.35:
    resolution: {integrity: sha512-ZDY+bPm5zTTF+YpCrAU9nK0UgICYPT0QtT1NZWFv4s++TNkcgVaT0g6+4R2uI4MjQjzysHB1zxuWL50hzaeXiw==}
    engines: {node: '>= 0.6'}

  ms@2.1.3:
    resolution: {integrity: sha512-6FlzubTLZG3J2a/NVCAleEhjzq5oxgHyaCU9yYXvcLsvoVaHJq/s5xXI6/XXP6tz7R9xAOtHnSO/tXtF3WRTlA==}

  nanoid@3.3.11:
    resolution: {integrity: sha512-N8SpfPUnUp1bK+PMYW8qSWdl9U+wwNWI4QKxOYDy9JAro3WMX7p2OeVRF9v+347pnakNevPmiHhNmZ2HbFA76w==}
    engines: {node: ^10 || ^12 || ^13.7 || ^14 || >=15.0.1}
    hasBin: true

  next@14.2.5:
    resolution: {integrity: sha512-0f8aRfBVL+mpzfBjYfQuLWh2WyAwtJXCRfkPF4UJ5qd2YwrHczsrSzXU4tRMV0OAxR8ZJZWPFn6uhSC56UTsLA==}
    engines: {node: '>=18.17.0'}
    deprecated: This version has a security vulnerability. Please upgrade to a patched version. See https://nextjs.org/blog/security-update-2025-12-11 for more details.
    hasBin: true
    peerDependencies:
      '@opentelemetry/api': ^1.1.0
      '@playwright/test': ^1.41.2
      react: ^18.2.0
      react-dom: ^18.2.0
      sass: ^1.3.0
    peerDependenciesMeta:
      '@opentelemetry/api':
        optional: true
      '@playwright/test':
        optional: true
      sass:
        optional: true

  node-domexception@1.0.0:
    resolution: {integrity: sha512-/jKZoMpw0F8GRwl4/eLROPA3cfcXtLApP0QzLmUT/HuPCZWyB7IY9ZrMeKw2O/nFIqPQB3PVM9aYm0F312AXDQ==}
    engines: {node: '>=10.5.0'}
    deprecated: Use your platform's native DOMException instead

  node-ensure@0.0.0:
    resolution: {integrity: sha512-DRI60hzo2oKN1ma0ckc6nQWlHU69RH6xN0sjQTjMpChPfTYvKZdcQFfdYK2RWbJcKyUizSIy/l8OTGxMAM1QDw==}

  node-fetch@2.7.0:
    resolution: {integrity: sha512-c4FRfUm/dbcWZ7U+1Wq0AwCyFL+3nt2bEw05wfxSz+DWpWsitgmSgYmy2dQdWyKC1694ELPqMs/YzUSNozLt8A==}
    engines: {node: 4.x || >=6.0.0}
    peerDependencies:
      encoding: ^0.1.0
    peerDependenciesMeta:
      encoding:
        optional: true

  openai@6.14.0:
    resolution: {integrity: sha512-ZPD9MG5/sPpyGZ0idRoDK0P5MWEMuXe0Max/S55vuvoxqyEVkN94m9jSpE3YgNgz3WoESFvozs57dxWqAco31w==}
    hasBin: true
    peerDependencies:
      ws: ^8.18.0
      zod: ^3.25 || ^4.0
    peerDependenciesMeta:
      ws:
        optional: true
      zod:
        optional: true

  parse-entities@4.0.2:
    resolution: {integrity: sha512-GG2AQYWoLgL877gQIKeRPGO1xF9+eG1ujIb5soS5gPvLQ1y2o8FL90w2QWNdf9I361Mpp7726c+lj3U0qK1uGw==}

  pdf-parse@1.1.4:
    resolution: {integrity: sha512-XRIRcLgk6ZnUbsHsYXExMw+krrPE81hJ6FQPLdBNhhBefqIQKXu/WeTgNBGSwPrfU0v+UCEwn7AoAUOsVKHFvQ==}
    engines: {node: '>=6.8.1'}

  picocolors@1.1.1:
    resolution: {integrity: sha512-xceH2snhtb5M9liqDsmEw56le376mTZkEX/jEb/RxNFyegNul7eNslCXP9FDj/Lcu0X8KEyMceP2ntpaHrDEVA==}

  postcss@8.4.31:
    resolution: {integrity: sha512-PS08Iboia9mts/2ygV3eLpY5ghnUcfLV/EXTOW1E2qYxJKGGBUtNjN76FYHnMs36RmARn41bC0AZmn+rR0OVpQ==}
    engines: {node: ^10 || ^12 || >=14}

  property-information@7.1.0:
    resolution: {integrity: sha512-TwEZ+X+yCJmYfL7TPUOcvBZ4QfoT5YenQiJuX//0th53DE6w0xxLEtfK3iyryQFddXuvkIk51EEgrJQ0WJkOmQ==}

  react-dom@18.2.0:
    resolution: {integrity: sha512-6IMTriUmvsjHUjNtEDudZfuDQUoWXVxKHhlEGSk81n4YFS+r/Kl99wXiwlVXtPBtJenozv2P+hxDsw9eA7Xo6g==}
    peerDependencies:
      react: ^18.2.0

  react-markdown@10.1.0:
    resolution: {integrity: sha512-qKxVopLT/TyA6BX3Ue5NwabOsAzm0Q7kAPwq6L+wWDwisYs7R8vZ0nRXqq6rkueboxpkjvLGU9fWifiX/ZZFxQ==}
    peerDependencies:
      '@types/react': '>=18'
      react: '>=18'

  react@18.2.0:
    resolution: {integrity: sha512-/3IjMdb2L9QbBdWiW5e3P2/npwMBaU9mHCSCUzNln0ZCYbcfTsGbTJrU/kGemdH2IWmB2ioZ+zkxtmq6g09fGQ==}
    engines: {node: '>=0.10.0'}

  remark-parse@11.0.0:
    resolution: {integrity: sha512-FCxlKLNGknS5ba/1lmpYijMUzX2esxW5xQqjWxw2eHFfS2MSdaHVINFmhjo+qN1WhZhNimq0dZATN9pH0IDrpA==}

  remark-rehype@11.1.2:
    resolution: {integrity: sha512-Dh7l57ianaEoIpzbp0PC9UKAdCSVklD8E5Rpw7ETfbTl3FqcOOgq5q2LVDhgGCkaBv7p24JXikPdvhhmHvKMsw==}

  scheduler@0.23.2:
    resolution: {integrity: sha512-UOShsPwz7NrMUqhR6t0hWjFduvOzbtv7toDH1/hIrfRNIDBnnBWd0CwJTGvTpngVlmwGCdP9/Zl/tVrDqcuYzQ==}

  source-map-js@1.2.1:
    resolution: {integrity: sha512-UXWMKhLOwVKb728IUtQPXxfYU+usdybtUrK/8uGE8CQMvrhOpwvzDBwj0QhSL7MQc7vIsISBG8VQ8+IDQxpfQA==}
    engines: {node: '>=0.10.0'}

  space-separated-tokens@2.0.2:
    resolution: {integrity: sha512-PEGlAwrG8yXGXRjW32fGbg66JAlOAwbObuqVoJpv/mRgoWDQfgH1wDPvtzWyUSNAXBGSk8h755YDbbcEy3SH2Q==}

  streamsearch@1.1.0:
    resolution: {integrity: sha512-Mcc5wHehp9aXz1ax6bZUyY5afg9u2rv5cqQI3mRrYkGC8rW2hM02jWuwjtL++LS5qinSyhj2QfLyNsuc+VsExg==}
    engines: {node: '>=10.0.0'}

  stringify-entities@4.0.4:
    resolution: {integrity: sha512-IwfBptatlO+QCJUo19AqvrPNqlVMpW9YEL2LIVY+Rpv2qsjCGxaDLNRgeGsQWJhfItebuJhsGSLjaBbNSQ+ieg==}

  style-to-js@1.1.21:
    resolution: {integrity: sha512-RjQetxJrrUJLQPHbLku6U/ocGtzyjbJMP9lCNK7Ag0CNh690nSH8woqWH9u16nMjYBAok+i7JO1NP2pOy8IsPQ==}

  style-to-object@1.0.14:
    resolution: {integrity: sha512-LIN7rULI0jBscWQYaSswptyderlarFkjQ+t79nzty8tcIAceVomEVlLzH5VP4Cmsv6MtKhs7qaAiwlcp+Mgaxw==}

  styled-jsx@5.1.1:
    resolution: {integrity: sha512-pW7uC1l4mBZ8ugbiZrcIsiIvVx1UmTfw7UkC3Um2tmfUq9Bhk8IiyEIPl6F8agHgjzku6j0xQEZbfA5uSgSaCw==}
    engines: {node: '>= 12.0.0'}
    peerDependencies:
      '@babel/core': '*'
      babel-plugin-macros: '*'
      react: '>= 16.8.0 || 17.x.x || ^18.0.0-0'
    peerDependenciesMeta:
      '@babel/core':
        optional: true
      babel-plugin-macros:
        optional: true

  tr46@0.0.3:
    resolution: {integrity: sha512-N3WMsuqV66lT30CrXNbEjx4GEwlow3v6rr4mCcv6prnfwhS01rkgyFdjPNBYd9br7LpXV1+Emh01fHnq2Gdgrw==}

  trim-lines@3.0.1:
    resolution: {integrity: sha512-kRj8B+YHZCc9kQYdWfJB2/oUl9rA99qbowYYBtr4ui4mZyAQ2JpvVBd/6U2YloATfqBhBTSMhTpgBHtU0Mf3Rg==}

  trough@2.2.0:
    resolution: {integrity: sha512-tmMpK00BjZiUyVyvrBK7knerNgmgvcV/KLVyuma/SC+TQN167GrMRciANTz09+k3zW8L8t60jWO1GpfkZdjTaw==}

  tslib@2.8.1:
    resolution: {integrity: sha512-oJFu94HQb+KVduSUQL7wnpmqnfmLsOA/nAh6b6EH0wCEoK0/mPeXU6c3wKDV83MkOuHPRHtSXKKU99IBazS/2w==}

  typescript@5.4.5:
    resolution: {integrity: sha512-vcI4UpRgg81oIRUFwR0WSIHKt11nJ7SAVlYNIu+QpqeyXP+gpQJy/Z4+F0aGxSE4MqwjyXvW/TzgkLAx2AGHwQ==}
    engines: {node: '>=14.17'}
    hasBin: true

  uncrypto@0.1.3:
    resolution: {integrity: sha512-Ql87qFHB3s/De2ClA9e0gsnS6zXG27SkTiSJwjCc9MebbfapQfuPzumMIUMi38ezPZVNFcHI9sUIepeQfw8J8Q==}

  undici-types@5.26.5:
    resolution: {integrity: sha512-JlCMO+ehdEIKqlFxk6IfVoAUVmgz7cU7zD/h9XZ0qzeosSHmUJVOzSQvvYSYWXkFXC+IfLKSIffhv0sVZup6pA==}

  unified@11.0.5:
    resolution: {integrity: sha512-xKvGhPWw3k84Qjh8bI3ZeJjqnyadK+GEFtazSfZv/rKeTkTjOJho6mFqh2SM96iIcZokxiOpg78GazTSg8+KHA==}

  unist-util-is@6.0.1:
    resolution: {integrity: sha512-LsiILbtBETkDz8I9p1dQ0uyRUWuaQzd/cuEeS1hoRSyW5E5XGmTzlwY1OrNzzakGowI9Dr/I8HVaw4hTtnxy8g==}

  unist-util-position@5.0.0:
    resolution: {integrity: sha512-fucsC7HjXvkB5R3kTCO7kUjRdrS0BJt3M/FPxmHMBOm8JQi2BsHAHFsy27E0EolP8rp0NzXsJ+jNPyDWvOJZPA==}

  unist-util-stringify-position@4.0.0:
    resolution: {integrity: sha512-0ASV06AAoKCDkS2+xw5RXJywruurpbC4JZSm7nr7MOt1ojAzvyyaO+UxZf18j8FCF6kmzCZKcAgN/yu2gm2XgQ==}

  unist-util-visit-parents@6.0.2:
    resolution: {integrity: sha512-goh1s1TBrqSqukSc8wrjwWhL0hiJxgA8m4kFxGlQ+8FYQ3C/m11FcTs4YYem7V664AhHVvgoQLk890Ssdsr2IQ==}

  unist-util-visit@5.0.0:
    resolution: {integrity: sha512-MR04uvD+07cwl/yhVuVWAtw+3GOR/knlL55Nd/wAdblk27GCVt3lqpTivy/tkJcZoNPzTwS1Y+KMojlLDhoTzg==}

  use-sync-external-store@1.2.0:
    resolution: {integrity: sha512-eEgnFxGQ1Ife9bzYs6VLi8/4X6CObHMw9Qr9tPY43iKwsPw8xE8+EFsf/2cFZ5S3esXgpWgtSCtLNS41F+sKPA==}
    peerDependencies:
      react: ^16.8.0 || ^17.0.0 || ^18.0.0

  vfile-message@4.0.3:
    resolution: {integrity: sha512-QTHzsGd1EhbZs4AsQ20JX1rC3cOlt/IWJruk893DfLRr57lcnOeMaWG4K0JrRta4mIJZKth2Au3mM3u03/JWKw==}

  vfile@6.0.3:
    resolution: {integrity: sha512-KzIbH/9tXat2u30jf+smMwFCsno4wHVdNmzFyL+T/L3UGqqk6JKfVqOFOZEpZSHADH1k40ab6NUIXZq422ov3Q==}

  web-streams-polyfill@4.0.0-beta.3:
    resolution: {integrity: sha512-QW95TCTaHmsYfHDybGMwO5IJIM93I/6vTRk+daHTWFPhwh+C8Cg7j7XyKrwrj8Ib6vYXe0ocYNrmzY4xAAN6ug==}
    engines: {node: '>= 14'}

  webidl-conversions@3.0.1:
    resolution: {integrity: sha512-2JAn3z8AR6rjK8Sm8orRC0h/bcl/DqL7tRPdGZ4I1CjdF+EaMLmYxBHyXuKL849eucPFhvBoxMsflfOb8kxaeQ==}

  whatwg-url@5.0.0:
    resolution: {integrity: sha512-saE57nupxk6v3HY35+jzBwYa0rKSy0XR8JSxZPwgLr7ys0IBzhGviA1/TUGJLmSVqs8pb9AnvICXEuOHLprYTw==}

  zustand@4.4.1:
    resolution: {integrity: sha512-QCPfstAS4EBiTQzlaGP1gmorkh/UL1Leaj2tdj+zZCZ/9bm0WS7sI2wnfD5lpOszFqWJ1DcPnGoY8RDL61uokw==}
    engines: {node: '>=12.7.0'}
    peerDependencies:
      '@types/react': '>=16.8'
      immer: '>=9.0'
      react: '>=16.8'
    peerDependenciesMeta:
      '@types/react':
        optional: true
      immer:
        optional: true
      react:
        optional: true

  zwitch@2.0.4:
    resolution: {integrity: sha512-bXE4cR/kVZhKZX/RjPEflHaKVhUVl85noU3v6b8apfQEc1x4A+zBxjZ4lN8LqGd6WZ3dl98pY4o717VFmoPp+A==}

snapshots:

  '@next/env@14.2.5': {}

  '@next/swc-darwin-arm64@14.2.5':
    optional: true

  '@next/swc-darwin-x64@14.2.5':
    optional: true

  '@next/swc-linux-arm64-gnu@14.2.5':
    optional: true

  '@next/swc-linux-arm64-musl@14.2.5':
    optional: true

  '@next/swc-linux-x64-gnu@14.2.5':
    optional: true

  '@next/swc-linux-x64-musl@14.2.5':
    optional: true

  '@next/swc-win32-arm64-msvc@14.2.5':
    optional: true

  '@next/swc-win32-ia32-msvc@14.2.5':
    optional: true

  '@next/swc-win32-x64-msvc@14.2.5':
    optional: true

  '@swc/counter@0.1.3': {}

  '@swc/helpers@0.5.5':
    dependencies:
      '@swc/counter': 0.1.3
      tslib: 2.8.1

  '@types/debug@4.1.12':
    dependencies:
      '@types/ms': 2.1.0

  '@types/estree-jsx@1.0.5':
    dependencies:
      '@types/estree': 1.0.8

  '@types/estree@1.0.8': {}

  '@types/hast@3.0.4':
    dependencies:
      '@types/unist': 3.0.3

  '@types/mdast@4.0.4':
    dependencies:
      '@types/unist': 3.0.3

  '@types/ms@2.1.0': {}

  '@types/node-fetch@2.6.13':
    dependencies:
      '@types/node': 18.19.130
      form-data: 4.0.5

  '@types/node@18.19.130':
    dependencies:
      undici-types: 5.26.5

  '@types/react-dom@19.2.3(@types/react@19.2.7)':
    dependencies:
      '@types/react': 19.2.7

  '@types/react@19.2.7':
    dependencies:
      csstype: 3.2.3

  '@types/unist@2.0.11': {}

  '@types/unist@3.0.3': {}

  '@ungap/structured-clone@1.3.0': {}

  '@upstash/redis@1.35.8':
    dependencies:
      uncrypto: 0.1.3

  '@vercel/kv@3.0.0':
    dependencies:
      '@upstash/redis': 1.35.8

  abort-controller@3.0.0:
    dependencies:
      event-target-shim: 5.0.1

  agentkeepalive@4.6.0:
    dependencies:
      humanize-ms: 1.2.1

  asynckit@0.4.0: {}

  bail@2.0.2: {}

  busboy@1.6.0:
    dependencies:
      streamsearch: 1.1.0

  call-bind-apply-helpers@1.0.2:
    dependencies:
      es-errors: 1.3.0
      function-bind: 1.1.2

  caniuse-lite@1.0.30001760: {}

  ccount@2.0.1: {}

  character-entities-html4@2.1.0: {}

  character-entities-legacy@3.0.0: {}

  character-entities@2.0.2: {}

  character-reference-invalid@2.0.1: {}

  client-only@0.0.1: {}

  combined-stream@1.0.8:
    dependencies:
      delayed-stream: 1.0.0

  comma-separated-tokens@2.0.3: {}

  csstype@3.2.3: {}

  debug@4.4.3:
    dependencies:
      ms: 2.1.3

  decode-named-character-reference@1.2.0:
    dependencies:
      character-entities: 2.0.2

  delayed-stream@1.0.0: {}

  dequal@2.0.3: {}

  devlop@1.1.0:
    dependencies:
      dequal: 2.0.3

  dunder-proto@1.0.1:
    dependencies:
      call-bind-apply-helpers: 1.0.2
      es-errors: 1.3.0
      gopd: 1.2.0

  es-define-property@1.0.1: {}

  es-errors@1.3.0: {}

  es-object-atoms@1.1.1:
    dependencies:
      es-errors: 1.3.0

  es-set-tostringtag@2.1.0:
    dependencies:
      es-errors: 1.3.0
      get-intrinsic: 1.3.0
      has-tostringtag: 1.0.2
      hasown: 2.0.2

  estree-util-is-identifier-name@3.0.0: {}

  event-target-shim@5.0.1: {}

  extend@3.0.2: {}

  form-data-encoder@1.7.2: {}

  form-data@4.0.5:
    dependencies:
      asynckit: 0.4.0
      combined-stream: 1.0.8
      es-set-tostringtag: 2.1.0
      hasown: 2.0.2
      mime-types: 2.1.35

  formdata-node@4.4.1:
    dependencies:
      node-domexception: 1.0.0
      web-streams-polyfill: 4.0.0-beta.3

  function-bind@1.1.2: {}

  get-intrinsic@1.3.0:
    dependencies:
      call-bind-apply-helpers: 1.0.2
      es-define-property: 1.0.1
      es-errors: 1.3.0
      es-object-atoms: 1.1.1
      function-bind: 1.1.2
      get-proto: 1.0.1
      gopd: 1.2.0
      has-symbols: 1.1.0
      hasown: 2.0.2
      math-intrinsics: 1.1.0

  get-proto@1.0.1:
    dependencies:
      dunder-proto: 1.0.1
      es-object-atoms: 1.1.1

  gopd@1.2.0: {}

  graceful-fs@4.2.11: {}

  groq-sdk@0.7.0:
    dependencies:
      '@types/node': 18.19.130
      '@types/node-fetch': 2.6.13
      abort-controller: 3.0.0
      agentkeepalive: 4.6.0
      form-data-encoder: 1.7.2
      formdata-node: 4.4.1
      node-fetch: 2.7.0
    transitivePeerDependencies:
      - encoding

  has-symbols@1.1.0: {}

  has-tostringtag@1.0.2:
    dependencies:
      has-symbols: 1.1.0

  hasown@2.0.2:
    dependencies:
      function-bind: 1.1.2

  hast-util-to-jsx-runtime@2.3.6:
    dependencies:
      '@types/estree': 1.0.8
      '@types/hast': 3.0.4
      '@types/unist': 3.0.3
      comma-separated-tokens: 2.0.3
      devlop: 1.1.0
      estree-util-is-identifier-name: 3.0.0
      hast-util-whitespace: 3.0.0
      mdast-util-mdx-expression: 2.0.1
      mdast-util-mdx-jsx: 3.2.0
      mdast-util-mdxjs-esm: 2.0.1
      property-information: 7.1.0
      space-separated-tokens: 2.0.2
      style-to-js: 1.1.21
      unist-util-position: 5.0.0
      vfile-message: 4.0.3
    transitivePeerDependencies:
      - supports-color

  hast-util-whitespace@3.0.0:
    dependencies:
      '@types/hast': 3.0.4

  html-url-attributes@3.0.1: {}

  humanize-ms@1.2.1:
    dependencies:
      ms: 2.1.3

  inline-style-parser@0.2.7: {}

  is-alphabetical@2.0.1: {}

  is-alphanumerical@2.0.1:
    dependencies:
      is-alphabetical: 2.0.1
      is-decimal: 2.0.1

  is-decimal@2.0.1: {}

  is-hexadecimal@2.0.1: {}

  is-plain-obj@4.1.0: {}

  js-tokens@4.0.0: {}

  longest-streak@3.1.0: {}

  loose-envify@1.4.0:
    dependencies:
      js-tokens: 4.0.0

  lucide-react@0.561.0(react@18.2.0):
    dependencies:
      react: 18.2.0

  math-intrinsics@1.1.0: {}

  mdast-util-from-markdown@2.0.2:
    dependencies:
      '@types/mdast': 4.0.4
      '@types/unist': 3.0.3
      decode-named-character-reference: 1.2.0
      devlop: 1.1.0
      mdast-util-to-string: 4.0.0
      micromark: 4.0.2
      micromark-util-decode-numeric-character-reference: 2.0.2
      micromark-util-decode-string: 2.0.1
      micromark-util-normalize-identifier: 2.0.1
      micromark-util-symbol: 2.0.1
      micromark-util-types: 2.0.2
      unist-util-stringify-position: 4.0.0
    transitivePeerDependencies:
      - supports-color

  mdast-util-mdx-expression@2.0.1:
    dependencies:
      '@types/estree-jsx': 1.0.5
      '@types/hast': 3.0.4
      '@types/mdast': 4.0.4
      devlop: 1.1.0
      mdast-util-from-markdown: 2.0.2
      mdast-util-to-markdown: 2.1.2
    transitivePeerDependencies:
      - supports-color

  mdast-util-mdx-jsx@3.2.0:
    dependencies:
      '@types/estree-jsx': 1.0.5
      '@types/hast': 3.0.4
      '@types/mdast': 4.0.4
      '@types/unist': 3.0.3
      ccount: 2.0.1
      devlop: 1.1.0
      mdast-util-from-markdown: 2.0.2
      mdast-util-to-markdown: 2.1.2
      parse-entities: 4.0.2
      stringify-entities: 4.0.4
      unist-util-stringify-position: 4.0.0
      vfile-message: 4.0.3
    transitivePeerDependencies:
      - supports-color

  mdast-util-mdxjs-esm@2.0.1:
    dependencies:
      '@types/estree-jsx': 1.0.5
      '@types/hast': 3.0.4
      '@types/mdast': 4.0.4
      devlop: 1.1.0
      mdast-util-from-markdown: 2.0.2
      mdast-util-to-markdown: 2.1.2
    transitivePeerDependencies:
      - supports-color

  mdast-util-phrasing@4.1.0:
    dependencies:
      '@types/mdast': 4.0.4
      unist-util-is: 6.0.1

  mdast-util-to-hast@13.2.1:
    dependencies:
      '@types/hast': 3.0.4
      '@types/mdast': 4.0.4
      '@ungap/structured-clone': 1.3.0
      devlop: 1.1.0
      micromark-util-sanitize-uri: 2.0.1
      trim-lines: 3.0.1
      unist-util-position: 5.0.0
      unist-util-visit: 5.0.0
      vfile: 6.0.3

  mdast-util-to-markdown@2.1.2:
    dependencies:
      '@types/mdast': 4.0.4
      '@types/unist': 3.0.3
      longest-streak: 3.1.0
      mdast-util-phrasing: 4.1.0
      mdast-util-to-string: 4.0.0
      micromark-util-classify-character: 2.0.1
      micromark-util-decode-string: 2.0.1
      unist-util-visit: 5.0.0
      zwitch: 2.0.4

  mdast-util-to-string@4.0.0:
    dependencies:
      '@types/mdast': 4.0.4

  micromark-core-commonmark@2.0.3:
    dependencies:
      decode-named-character-reference: 1.2.0
      devlop: 1.1.0
      micromark-factory-destination: 2.0.1
      micromark-factory-label: 2.0.1
      micromark-factory-space: 2.0.1
      micromark-factory-title: 2.0.1
      micromark-factory-whitespace: 2.0.1
      micromark-util-character: 2.1.1
      micromark-util-chunked: 2.0.1
      micromark-util-classify-character: 2.0.1
      micromark-util-html-tag-name: 2.0.1
      micromark-util-normalize-identifier: 2.0.1
      micromark-util-resolve-all: 2.0.1
      micromark-util-subtokenize: 2.1.0
      micromark-util-symbol: 2.0.1
      micromark-util-types: 2.0.2

  micromark-factory-destination@2.0.1:
    dependencies:
      micromark-util-character: 2.1.1
      micromark-util-symbol: 2.0.1
      micromark-util-types: 2.0.2

  micromark-factory-label@2.0.1:
    dependencies:
      devlop: 1.1.0
      micromark-util-character: 2.1.1
      micromark-util-symbol: 2.0.1
      micromark-util-types: 2.0.2

  micromark-factory-space@2.0.1:
    dependencies:
      micromark-util-character: 2.1.1
      micromark-util-types: 2.0.2

  micromark-factory-title@2.0.1:
    dependencies:
      micromark-factory-space: 2.0.1
      micromark-util-character: 2.1.1
      micromark-util-symbol: 2.0.1
      micromark-util-types: 2.0.2

  micromark-factory-whitespace@2.0.1:
    dependencies:
      micromark-factory-space: 2.0.1
      micromark-util-character: 2.1.1
      micromark-util-symbol: 2.0.1
      micromark-util-types: 2.0.2

  micromark-util-character@2.1.1:
    dependencies:
      micromark-util-symbol: 2.0.1
      micromark-util-types: 2.0.2

  micromark-util-chunked@2.0.1:
    dependencies:
      micromark-util-symbol: 2.0.1

  micromark-util-classify-character@2.0.1:
    dependencies:
      micromark-util-character: 2.1.1
      micromark-util-symbol: 2.0.1
      micromark-util-types: 2.0.2

  micromark-util-combine-extensions@2.0.1:
    dependencies:
      micromark-util-chunked: 2.0.1
      micromark-util-types: 2.0.2

  micromark-util-decode-numeric-character-reference@2.0.2:
    dependencies:
      micromark-util-symbol: 2.0.1

  micromark-util-decode-string@2.0.1:
    dependencies:
      decode-named-character-reference: 1.2.0
      micromark-util-character: 2.1.1
      micromark-util-decode-numeric-character-reference: 2.0.2
      micromark-util-symbol: 2.0.1

  micromark-util-encode@2.0.1: {}

  micromark-util-html-tag-name@2.0.1: {}

  micromark-util-normalize-identifier@2.0.1:
    dependencies:
      micromark-util-symbol: 2.0.1

  micromark-util-resolve-all@2.0.1:
    dependencies:
      micromark-util-types: 2.0.2

  micromark-util-sanitize-uri@2.0.1:
    dependencies:
      micromark-util-character: 2.1.1
      micromark-util-encode: 2.0.1
      micromark-util-symbol: 2.0.1

  micromark-util-subtokenize@2.1.0:
    dependencies:
      devlop: 1.1.0
      micromark-util-chunked: 2.0.1
      micromark-util-symbol: 2.0.1
      micromark-util-types: 2.0.2

  micromark-util-symbol@2.0.1: {}

  micromark-util-types@2.0.2: {}

  micromark@4.0.2:
    dependencies:
      '@types/debug': 4.1.12
      debug: 4.4.3
      decode-named-character-reference: 1.2.0
      devlop: 1.1.0
      micromark-core-commonmark: 2.0.3
      micromark-factory-space: 2.0.1
      micromark-util-character: 2.1.1
      micromark-util-chunked: 2.0.1
      micromark-util-combine-extensions: 2.0.1
      micromark-util-decode-numeric-character-reference: 2.0.2
      micromark-util-encode: 2.0.1
      micromark-util-normalize-identifier: 2.0.1
      micromark-util-resolve-all: 2.0.1
      micromark-util-sanitize-uri: 2.0.1
      micromark-util-subtokenize: 2.1.0
      micromark-util-symbol: 2.0.1
      micromark-util-types: 2.0.2
    transitivePeerDependencies:
      - supports-color

  mime-db@1.52.0: {}

  mime-types@2.1.35:
    dependencies:
      mime-db: 1.52.0

  ms@2.1.3: {}

  nanoid@3.3.11: {}

  next@14.2.5(react-dom@18.2.0(react@18.2.0))(react@18.2.0):
    dependencies:
      '@next/env': 14.2.5
      '@swc/helpers': 0.5.5
      busboy: 1.6.0
      caniuse-lite: 1.0.30001760
      graceful-fs: 4.2.11
      postcss: 8.4.31
      react: 18.2.0
      react-dom: 18.2.0(react@18.2.0)
      styled-jsx: 5.1.1(react@18.2.0)
    optionalDependencies:
      '@next/swc-darwin-arm64': 14.2.5
      '@next/swc-darwin-x64': 14.2.5
      '@next/swc-linux-arm64-gnu': 14.2.5
      '@next/swc-linux-arm64-musl': 14.2.5
      '@next/swc-linux-x64-gnu': 14.2.5
      '@next/swc-linux-x64-musl': 14.2.5
      '@next/swc-win32-arm64-msvc': 14.2.5
      '@next/swc-win32-ia32-msvc': 14.2.5
      '@next/swc-win32-x64-msvc': 14.2.5
    transitivePeerDependencies:
      - '@babel/core'
      - babel-plugin-macros

  node-domexception@1.0.0: {}

  node-ensure@0.0.0: {}

  node-fetch@2.7.0:
    dependencies:
      whatwg-url: 5.0.0

  openai@6.14.0: {}

  parse-entities@4.0.2:
    dependencies:
      '@types/unist': 2.0.11
      character-entities-legacy: 3.0.0
      character-reference-invalid: 2.0.1
      decode-named-character-reference: 1.2.0
      is-alphanumerical: 2.0.1
      is-decimal: 2.0.1
      is-hexadecimal: 2.0.1

  pdf-parse@1.1.4:
    dependencies:
      node-ensure: 0.0.0

  picocolors@1.1.1: {}

  postcss@8.4.31:
    dependencies:
      nanoid: 3.3.11
      picocolors: 1.1.1
      source-map-js: 1.2.1

  property-information@7.1.0: {}

  react-dom@18.2.0(react@18.2.0):
    dependencies:
      loose-envify: 1.4.0
      react: 18.2.0
      scheduler: 0.23.2

  react-markdown@10.1.0(@types/react@19.2.7)(react@18.2.0):
    dependencies:
      '@types/hast': 3.0.4
      '@types/mdast': 4.0.4
      '@types/react': 19.2.7
      devlop: 1.1.0
      hast-util-to-jsx-runtime: 2.3.6
      html-url-attributes: 3.0.1
      mdast-util-to-hast: 13.2.1
      react: 18.2.0
      remark-parse: 11.0.0
      remark-rehype: 11.1.2
      unified: 11.0.5
      unist-util-visit: 5.0.0
      vfile: 6.0.3
    transitivePeerDependencies:
      - supports-color

  react@18.2.0:
    dependencies:
      loose-envify: 1.4.0

  remark-parse@11.0.0:
    dependencies:
      '@types/mdast': 4.0.4
      mdast-util-from-markdown: 2.0.2
      micromark-util-types: 2.0.2
      unified: 11.0.5
    transitivePeerDependencies:
      - supports-color

  remark-rehype@11.1.2:
    dependencies:
      '@types/hast': 3.0.4
      '@types/mdast': 4.0.4
      mdast-util-to-hast: 13.2.1
      unified: 11.0.5
      vfile: 6.0.3

  scheduler@0.23.2:
    dependencies:
      loose-envify: 1.4.0

  source-map-js@1.2.1: {}

  space-separated-tokens@2.0.2: {}

  streamsearch@1.1.0: {}

  stringify-entities@4.0.4:
    dependencies:
      character-entities-html4: 2.1.0
      character-entities-legacy: 3.0.0

  style-to-js@1.1.21:
    dependencies:
      style-to-object: 1.0.14

  style-to-object@1.0.14:
    dependencies:
      inline-style-parser: 0.2.7

  styled-jsx@5.1.1(react@18.2.0):
    dependencies:
      client-only: 0.0.1
      react: 18.2.0

  tr46@0.0.3: {}

  trim-lines@3.0.1: {}

  trough@2.2.0: {}

  tslib@2.8.1: {}

  typescript@5.4.5: {}

  uncrypto@0.1.3: {}

  undici-types@5.26.5: {}

  unified@11.0.5:
    dependencies:
      '@types/unist': 3.0.3
      bail: 2.0.2
      devlop: 1.1.0
      extend: 3.0.2
      is-plain-obj: 4.1.0
      trough: 2.2.0
      vfile: 6.0.3

  unist-util-is@6.0.1:
    dependencies:
      '@types/unist': 3.0.3

  unist-util-position@5.0.0:
    dependencies:
      '@types/unist': 3.0.3

  unist-util-stringify-position@4.0.0:
    dependencies:
      '@types/unist': 3.0.3

  unist-util-visit-parents@6.0.2:
    dependencies:
      '@types/unist': 3.0.3
      unist-util-is: 6.0.1

  unist-util-visit@5.0.0:
    dependencies:
      '@types/unist': 3.0.3
      unist-util-is: 6.0.1
      unist-util-visit-parents: 6.0.2

  use-sync-external-store@1.2.0(react@18.2.0):
    dependencies:
      react: 18.2.0

  vfile-message@4.0.3:
    dependencies:
      '@types/unist': 3.0.3
      unist-util-stringify-position: 4.0.0

  vfile@6.0.3:
    dependencies:
      '@types/unist': 3.0.3
      vfile-message: 4.0.3

  web-streams-polyfill@4.0.0-beta.3: {}

  webidl-conversions@3.0.1: {}

  whatwg-url@5.0.0:
    dependencies:
      tr46: 0.0.3
      webidl-conversions: 3.0.1

  zustand@4.4.1(@types/react@19.2.7)(react@18.2.0):
    dependencies:
      use-sync-external-store: 1.2.0(react@18.2.0)
    optionalDependencies:
      '@types/react': 19.2.7
      react: 18.2.0

  zwitch@2.0.4: {}
